[root]
name = "resonance"
version = "0.0.1"
dependencies = [
 "openal-rs 0.0.1 (git+https://github.com/bjz/openal-rs.git#55aa715fab2a2e457bbcfd16cf3278e7896e7a90)",
]

[[package]]
name = "openal-rs"
version = "0.0.1"
source = "git+https://github.com/bjz/openal-rs.git#55aa715fab2a2e457bbcfd16cf3278e7896e7a90"

